
Microsoft Visual Studio Solution File, Format Version 12.00
# Visual Studio Version 16
VisualStudioVersion = 16.0.29123.88
MinimumVisualStudioVersion = 10.0.40219.1
Project("{FAE04EC0-301F-11D3-BF4B-00C04F79EFBC}") = "AksharPanchang", "AksharPanchang\AksharPanchang.csproj", "{F57C510D-6A83-4EEF-A2EA-84A7BE3CB22E}"
EndProject
Global
	GlobalSection(SolutionConfigurationPlatforms) = preSolution
		Debug|Any CPU = Debug|Any CPU
		Debug|x64 = Debug|x64
		Release|Any CPU = Release|Any CPU
		Release|x64 = Release|x64
	EndGlobalSection
	GlobalSection(ProjectConfigurationPlatforms) = postSolution
		{F57C510D-6A83-4EEF-A2EA-84A7BE3CB22E}.Debug|Any CPU.ActiveCfg = Debug|Any CPU
		{F57C510D-6A83-4EEF-A2EA-84A7BE3CB22E}.Debug|Any CPU.Build.0 = Debug|Any CPU
		{F57C510D-6A83-4EEF-A2EA-84A7BE3CB22E}.Debug|x64.ActiveCfg = Debug|x64
		{F57C510D-6A83-4EEF-A2EA-84A7BE3CB22E}.Debug|x64.Build.0 = Debug|x64
		{F57C510D-6A83-4EEF-A2EA-84A7BE3CB22E}.Release|Any CPU.ActiveCfg = Release|Any CPU
		{F57C510D-6A83-4EEF-A2EA-84A7BE3CB22E}.Release|Any CPU.Build.0 = Release|Any CPU
		{F57C510D-6A83-4EEF-A2EA-84A7BE3CB22E}.Release|x64.ActiveCfg = Release|x64
		{F57C510D-6A83-4EEF-A2EA-84A7BE3CB22E}.Release|x64.Build.0 = Release|x64
	EndGlobalSection
	GlobalSection(SolutionProperties) = preSolution
		HideSolutionNode = FALSE
	EndGlobalSection
	GlobalSection(ExtensibilityGlobals) = postSolution
		SolutionGuid = {6138CB7F-F8A4-4BF0-AD99-42630787A34E}
	EndGlobalSection
EndGlobal
